
Microsoft Visual Studio Solution File, Format Version 12.00
# Visual Studio Version 18
VisualStudioVersion = 18.6.11806.211
MinimumVisualStudioVersion = 10.0.40219.1
Project("{9A19103F-16F7-4668-BE54-9A1E7A4F7556}") = "Exchange", "Exchange\Exchange.csproj", "{8A8F752E-0DC4-470F-AEED-B8A460F58276}"
EndProject
Project("{2150E333-8FDC-42A3-9474-1A3956D46DE8}") = "Server", "Server", "{BBDD3899-4164-44BB-8DDF-C4924D8EA91E}"
EndProject
Project("{2150E333-8FDC-42A3-9474-1A3956D46DE8}") = "Client", "Client", "{CCAF9516-3A2E-41C7-97CD-3EAEED42C75D}"
EndProject
Project("{2150E333-8FDC-42A3-9474-1A3956D46DE8}") = "Web", "Web", "{011138CA-2F9A-4395-9A7F-53C9CD341112}"
EndProject
Project("{2150E333-8FDC-42A3-9474-1A3956D46DE8}") = "Common", "Common", "{718ABEE2-FF0D-464B-995E-4700C32BA517}"
EndProject
Project("{FAE04EC0-301F-11D3-BF4B-00C04F79EFBC}") = "Common.Exceptions", "Server\Common\Common.Exceptions\Common.Exceptions.csproj", "{043C3D75-7D71-4D70-B954-32EDC814F5A3}"
EndProject
Project("{FAE04EC0-301F-11D3-BF4B-00C04F79EFBC}") = "Common.DI", "Server\Common\Common.DI\Common.DI.csproj", "{C17301F0-397A-4B4E-BA45-6AE671288ACE}"
EndProject
Project("{FAE04EC0-301F-11D3-BF4B-00C04F79EFBC}") = "API", "Server\Web\API\API.csproj", "{2853D9B4-D05E-4177-B1E0-72CD34E1C621}"
EndProject
Project("{FAE04EC0-301F-11D3-BF4B-00C04F79EFBC}") = "UI", "Client\UI.csproj", "{F8D70396-CEB2-48E1-91AD-F23626A6548A}"
EndProject
Project("{2150E333-8FDC-42A3-9474-1A3956D46DE8}") = "Tests", "Tests", "{36D591C7-65C7-A0D1-1CBC-10CDE441BDC8}"
EndProject
Project("{2150E333-8FDC-42A3-9474-1A3956D46DE8}") = "Queries", "Queries", "{BFD4D04D-2C64-4FEA-92E0-1ADA672A94CB}"
EndProject
Project("{2150E333-8FDC-42A3-9474-1A3956D46DE8}") = "Commands", "Commands", "{4EE5F804-06F6-440A-990A-5C7D0E49BE5F}"
EndProject
Project("{2150E333-8FDC-42A3-9474-1A3956D46DE8}") = "Core", "Core", "{DE321EE7-B960-4E7E-892E-ED2F7F1B5608}"
EndProject
Project("{2150E333-8FDC-42A3-9474-1A3956D46DE8}") = "Modules", "Modules", "{74E0A3F3-4F5D-4680-96F2-15426BD122F5}"
EndProject
Project("{2150E333-8FDC-42A3-9474-1A3956D46DE8}") = "Directories", "Directories", "{C61AEDFB-C836-480B-816D-B6327ADFA283}"
EndProject
Project("{2150E333-8FDC-42A3-9474-1A3956D46DE8}") = "Receipt", "Receipt", "{692B0524-804D-4057-AFAB-837F650B4F3F}"
EndProject
Project("{2150E333-8FDC-42A3-9474-1A3956D46DE8}") = "Shipment", "Shipment", "{6BDB6C40-70CE-459F-AA11-4E647CA56251}"
EndProject
Project("{2150E333-8FDC-42A3-9474-1A3956D46DE8}") = "Balance", "Balance", "{9E10F322-12D8-4C83-9AFE-2FCAB694EC0C}"
EndProject
Project("{FAE04EC0-301F-11D3-BF4B-00C04F79EFBC}") = "Common.Requests", "Server\Common\Common.Requests\Common.Requests.csproj", "{8E5E6244-AC15-8F72-367D-5220D92CE62F}"
EndProject
Project("{FAE04EC0-301F-11D3-BF4B-00C04F79EFBC}") = "App.Queries", "Server\Queries\App.Queries\App.Queries.csproj", "{7DA74313-C4FC-F88E-7CD5-C2BE75FAC85B}"
EndProject
Project("{FAE04EC0-301F-11D3-BF4B-00C04F79EFBC}") = "App.Commands", "Server\Commands\App.Commands\App.Commands.csproj", "{20300073-B4B8-615E-00D9-2E7149C7B892}"
EndProject
Project("{FAE04EC0-301F-11D3-BF4B-00C04F79EFBC}") = "Core.Data", "Server\Commands\Core\Core.Data\Core.Data.csproj", "{C4BFAD60-CFC7-22CA-62CA-493F2DC79864}"
EndProject
Project("{FAE04EC0-301F-11D3-BF4B-00C04F79EFBC}") = "Core.Domain", "Server\Commands\Core\Core.Domain\Core.Domain.csproj", "{F2414782-BBEF-FEF7-F4C0-AF9E8976CAA2}"
EndProject
Project("{FAE04EC0-301F-11D3-BF4B-00C04F79EFBC}") = "Core.Infrastructure", "Server\Commands\Core\Core.Infrastructure\Core.Infrastructure.csproj", "{335E1A4B-F29D-D1A3-A325-A2EEE8EA8692}"
EndProject
Project("{FAE04EC0-301F-11D3-BF4B-00C04F79EFBC}") = "Balance.Domain", "Server\Commands\Modules\Balance\Balance.Domain\Balance.Domain.csproj", "{B00484A0-87D9-2428-A004-11521B92CBCB}"
EndProject
Project("{FAE04EC0-301F-11D3-BF4B-00C04F79EFBC}") = "Balance.Infrastructure", "Server\Commands\Modules\Balance\Balance.Infrastructure\Balance.Infrastructure.csproj", "{31B744C3-5BEC-9523-E066-6A120366937F}"
EndProject
Project("{FAE04EC0-301F-11D3-BF4B-00C04F79EFBC}") = "Directories.Contracts", "Server\Commands\Modules\Directories\Directories.Contracnts\Directories.Contracts.csproj", "{96851074-66A9-6D64-E874-52242D1053CE}"
EndProject
Project("{FAE04EC0-301F-11D3-BF4B-00C04F79EFBC}") = "Directories.Domain", "Server\Commands\Modules\Directories\Directories.Domain\Directories.Domain.csproj", "{722006EB-7692-819B-6869-15AE4E8E7C54}"
EndProject
Project("{FAE04EC0-301F-11D3-BF4B-00C04F79EFBC}") = "Directories.Infrastructure", "Server\Commands\Modules\Directories\Directories.Infrastructure\Directories.Infrastructure.csproj", "{D88E0351-8A4E-C86A-3F6F-3E3F9F3D082D}"
EndProject
Project("{FAE04EC0-301F-11D3-BF4B-00C04F79EFBC}") = "Receipt.Contracts", "Server\Commands\Modules\Receipt\Receipt.Contcts\Receipt.Contracts.csproj", "{86EAB862-73E4-E86F-FDD8-D0E1FCA88038}"
EndProject
Project("{FAE04EC0-301F-11D3-BF4B-00C04F79EFBC}") = "Receipt.Domain", "Server\Commands\Modules\Receipt\Receipt.Domain\Receipt.Domain.csproj", "{E197CCEE-7D7B-1592-F971-F5F4D8418A8E}"
EndProject
Project("{FAE04EC0-301F-11D3-BF4B-00C04F79EFBC}") = "Receipt.Infrastructure", "Server\Commands\Modules\Receipt\Receipt.Infrastructure\Receipt.Infrastructure.csproj", "{735E8EA1-E0C4-657C-2DB0-3C9D1E35856F}"
EndProject
Project("{FAE04EC0-301F-11D3-BF4B-00C04F79EFBC}") = "Shipment.Contracts", "Server\Commands\Modules\Shipment\Shipment.Contrcts\Shipment.Contracts.csproj", "{2EBDF364-09CF-63EB-3D0D-90C018D8D507}"
EndProject
Project("{FAE04EC0-301F-11D3-BF4B-00C04F79EFBC}") = "Shipment.Domain", "Server\Commands\Modules\Shipment\Shipment.Domain\Shipment.Domain.csproj", "{0EEFE504-E0ED-F104-253C-23EE48D33E06}"
EndProject
Project("{FAE04EC0-301F-11D3-BF4B-00C04F79EFBC}") = "Shipment.Infrastructure", "Server\Commands\Modules\Shipment\Shipment.Infrastructure\Shipment.Infrastructure.csproj", "{ED8A1DDF-D171-74EB-5A43-12F933C04A75}"
EndProject
Project("{FAE04EC0-301F-11D3-BF4B-00C04F79EFBC}") = "TestProject", "Server\Commands\Test\TestProject\TestProject.csproj", "{B33A0EDE-C5FC-6AF2-E1AB-442A5D78038B}"
EndProject
Global
	GlobalSection(SolutionConfigurationPlatforms) = preSolution
		Debug|Any CPU = Debug|Any CPU
		Release|Any CPU = Release|Any CPU
	EndGlobalSection
	GlobalSection(ProjectConfigurationPlatforms) = postSolution
		{8A8F752E-0DC4-470F-AEED-B8A460F58276}.Debug|Any CPU.ActiveCfg = Debug|Any CPU
		{8A8F752E-0DC4-470F-AEED-B8A460F58276}.Debug|Any CPU.Build.0 = Debug|Any CPU
		{8A8F752E-0DC4-470F-AEED-B8A460F58276}.Release|Any CPU.ActiveCfg = Release|Any CPU
		{8A8F752E-0DC4-470F-AEED-B8A460F58276}.Release|Any CPU.Build.0 = Release|Any CPU
		{043C3D75-7D71-4D70-B954-32EDC814F5A3}.Debug|Any CPU.ActiveCfg = Debug|Any CPU
		{043C3D75-7D71-4D70-B954-32EDC814F5A3}.Debug|Any CPU.Build.0 = Debug|Any CPU
		{043C3D75-7D71-4D70-B954-32EDC814F5A3}.Release|Any CPU.ActiveCfg = Release|Any CPU
		{043C3D75-7D71-4D70-B954-32EDC814F5A3}.Release|Any CPU.Build.0 = Release|Any CPU
		{C17301F0-397A-4B4E-BA45-6AE671288ACE}.Debug|Any CPU.ActiveCfg = Debug|Any CPU
		{C17301F0-397A-4B4E-BA45-6AE671288ACE}.Debug|Any CPU.Build.0 = Debug|Any CPU
		{C17301F0-397A-4B4E-BA45-6AE671288ACE}.Release|Any CPU.ActiveCfg = Release|Any CPU
		{C17301F0-397A-4B4E-BA45-6AE671288ACE}.Release|Any CPU.Build.0 = Release|Any CPU
		{2853D9B4-D05E-4177-B1E0-72CD34E1C621}.Debug|Any CPU.ActiveCfg = Debug|Any CPU
		{2853D9B4-D05E-4177-B1E0-72CD34E1C621}.Debug|Any CPU.Build.0 = Debug|Any CPU
		{2853D9B4-D05E-4177-B1E0-72CD34E1C621}.Release|Any CPU.ActiveCfg = Release|Any CPU
		{2853D9B4-D05E-4177-B1E0-72CD34E1C621}.Release|Any CPU.Build.0 = Release|Any CPU
		{F8D70396-CEB2-48E1-91AD-F23626A6548A}.Debug|Any CPU.ActiveCfg = Debug|Any CPU
		{F8D70396-CEB2-48E1-91AD-F23626A6548A}.Debug|Any CPU.Build.0 = Debug|Any CPU
		{F8D70396-CEB2-48E1-91AD-F23626A6548A}.Release|Any CPU.ActiveCfg = Release|Any CPU
		{F8D70396-CEB2-48E1-91AD-F23626A6548A}.Release|Any CPU.Build.0 = Release|Any CPU
		{8E5E6244-AC15-8F72-367D-5220D92CE62F}.Debug|Any CPU.ActiveCfg = Debug|Any CPU
		{8E5E6244-AC15-8F72-367D-5220D92CE62F}.Debug|Any CPU.Build.0 = Debug|Any CPU
		{8E5E6244-AC15-8F72-367D-5220D92CE62F}.Release|Any CPU.ActiveCfg = Release|Any CPU
		{8E5E6244-AC15-8F72-367D-5220D92CE62F}.Release|Any CPU.Build.0 = Release|Any CPU
		{7DA74313-C4FC-F88E-7CD5-C2BE75FAC85B}.Debug|Any CPU.ActiveCfg = Debug|Any CPU
		{7DA74313-C4FC-F88E-7CD5-C2BE75FAC85B}.Debug|Any CPU.Build.0 = Debug|Any CPU
		{7DA74313-C4FC-F88E-7CD5-C2BE75FAC85B}.Release|Any CPU.ActiveCfg = Release|Any CPU
		{7DA74313-C4FC-F88E-7CD5-C2BE75FAC85B}.Release|Any CPU.Build.0 = Release|Any CPU
		{20300073-B4B8-615E-00D9-2E7149C7B892}.Debug|Any CPU.ActiveCfg = Debug|Any CPU
		{20300073-B4B8-615E-00D9-2E7149C7B892}.Debug|Any CPU.Build.0 = Debug|Any CPU
		{20300073-B4B8-615E-00D9-2E7149C7B892}.Release|Any CPU.ActiveCfg = Release|Any CPU
		{20300073-B4B8-615E-00D9-2E7149C7B892}.Release|Any CPU.Build.0 = Release|Any CPU
		{C4BFAD60-CFC7-22CA-62CA-493F2DC79864}.Debug|Any CPU.ActiveCfg = Debug|Any CPU
		{C4BFAD60-CFC7-22CA-62CA-493F2DC79864}.Debug|Any CPU.Build.0 = Debug|Any CPU
		{C4BFAD60-CFC7-22CA-62CA-493F2DC79864}.Release|Any CPU.ActiveCfg = Release|Any CPU
		{C4BFAD60-CFC7-22CA-62CA-493F2DC79864}.Release|Any CPU.Build.0 = Release|Any CPU
		{F2414782-BBEF-FEF7-F4C0-AF9E8976CAA2}.Debug|Any CPU.ActiveCfg = Debug|Any CPU
		{F2414782-BBEF-FEF7-F4C0-AF9E8976CAA2}.Debug|Any CPU.Build.0 = Debug|Any CPU
		{F2414782-BBEF-FEF7-F4C0-AF9E8976CAA2}.Release|Any CPU.ActiveCfg = Release|Any CPU
		{F2414782-BBEF-FEF7-F4C0-AF9E8976CAA2}.Release|Any CPU.Build.0 = Release|Any CPU
		{335E1A4B-F29D-D1A3-A325-A2EEE8EA8692}.Debug|Any CPU.ActiveCfg = Debug|Any CPU
		{335E1A4B-F29D-D1A3-A325-A2EEE8EA8692}.Debug|Any CPU.Build.0 = Debug|Any CPU
		{335E1A4B-F29D-D1A3-A325-A2EEE8EA8692}.Release|Any CPU.ActiveCfg = Release|Any CPU
		{335E1A4B-F29D-D1A3-A325-A2EEE8EA8692}.Release|Any CPU.Build.0 = Release|Any CPU
		{B00484A0-87D9-2428-A004-11521B92CBCB}.Debug|Any CPU.ActiveCfg = Debug|Any CPU
		{B00484A0-87D9-2428-A004-11521B92CBCB}.Debug|Any CPU.Build.0 = Debug|Any CPU
		{B00484A0-87D9-2428-A004-11521B92CBCB}.Release|Any CPU.ActiveCfg = Release|Any CPU
		{B00484A0-87D9-2428-A004-11521B92CBCB}.Release|Any CPU.Build.0 = Release|Any CPU
		{31B744C3-5BEC-9523-E066-6A120366937F}.Debug|Any CPU.ActiveCfg = Debug|Any CPU
		{31B744C3-5BEC-9523-E066-6A120366937F}.Debug|Any CPU.Build.0 = Debug|Any CPU
		{31B744C3-5BEC-9523-E066-6A120366937F}.Release|Any CPU.ActiveCfg = Release|Any CPU
		{31B744C3-5BEC-9523-E066-6A120366937F}.Release|Any CPU.Build.0 = Release|Any CPU
		{96851074-66A9-6D64-E874-52242D1053CE}.Debug|Any CPU.ActiveCfg = Debug|Any CPU
		{96851074-66A9-6D64-E874-52242D1053CE}.Debug|Any CPU.Build.0 = Debug|Any CPU
		{96851074-66A9-6D64-E874-52242D1053CE}.Release|Any CPU.ActiveCfg = Release|Any CPU
		{96851074-66A9-6D64-E874-52242D1053CE}.Release|Any CPU.Build.0 = Release|Any CPU
		{722006EB-7692-819B-6869-15AE4E8E7C54}.Debug|Any CPU.ActiveCfg = Debug|Any CPU
		{722006EB-7692-819B-6869-15AE4E8E7C54}.Debug|Any CPU.Build.0 = Debug|Any CPU
		{722006EB-7692-819B-6869-15AE4E8E7C54}.Release|Any CPU.ActiveCfg = Release|Any CPU
		{722006EB-7692-819B-6869-15AE4E8E7C54}.Release|Any CPU.Build.0 = Release|Any CPU
		{D88E0351-8A4E-C86A-3F6F-3E3F9F3D082D}.Debug|Any CPU.ActiveCfg = Debug|Any CPU
		{D88E0351-8A4E-C86A-3F6F-3E3F9F3D082D}.Debug|Any CPU.Build.0 = Debug|Any CPU
		{D88E0351-8A4E-C86A-3F6F-3E3F9F3D082D}.Release|Any CPU.ActiveCfg = Release|Any CPU
		{D88E0351-8A4E-C86A-3F6F-3E3F9F3D082D}.Release|Any CPU.Build.0 = Release|Any CPU
		{86EAB862-73E4-E86F-FDD8-D0E1FCA88038}.Debug|Any CPU.ActiveCfg = Debug|Any CPU
		{86EAB862-73E4-E86F-FDD8-D0E1FCA88038}.Debug|Any CPU.Build.0 = Debug|Any CPU
		{86EAB862-73E4-E86F-FDD8-D0E1FCA88038}.Release|Any CPU.ActiveCfg = Release|Any CPU
		{86EAB862-73E4-E86F-FDD8-D0E1FCA88038}.Release|Any CPU.Build.0 = Release|Any CPU
		{E197CCEE-7D7B-1592-F971-F5F4D8418A8E}.Debug|Any CPU.ActiveCfg = Debug|Any CPU
		{E197CCEE-7D7B-1592-F971-F5F4D8418A8E}.Debug|Any CPU.Build.0 = Debug|Any CPU
		{E197CCEE-7D7B-1592-F971-F5F4D8418A8E}.Release|Any CPU.ActiveCfg = Release|Any CPU
		{E197CCEE-7D7B-1592-F971-F5F4D8418A8E}.Release|Any CPU.Build.0 = Release|Any CPU
		{735E8EA1-E0C4-657C-2DB0-3C9D1E35856F}.Debug|Any CPU.ActiveCfg = Debug|Any CPU
		{735E8EA1-E0C4-657C-2DB0-3C9D1E35856F}.Debug|Any CPU.Build.0 = Debug|Any CPU
		{735E8EA1-E0C4-657C-2DB0-3C9D1E35856F}.Release|Any CPU.ActiveCfg = Release|Any CPU
		{735E8EA1-E0C4-657C-2DB0-3C9D1E35856F}.Release|Any CPU.Build.0 = Release|Any CPU
		{2EBDF364-09CF-63EB-3D0D-90C018D8D507}.Debug|Any CPU.ActiveCfg = Debug|Any CPU
		{2EBDF364-09CF-63EB-3D0D-90C018D8D507}.Debug|Any CPU.Build.0 = Debug|Any CPU
		{2EBDF364-09CF-63EB-3D0D-90C018D8D507}.Release|Any CPU.ActiveCfg = Release|Any CPU
		{2EBDF364-09CF-63EB-3D0D-90C018D8D507}.Release|Any CPU.Build.0 = Release|Any CPU
		{0EEFE504-E0ED-F104-253C-23EE48D33E06}.Debug|Any CPU.ActiveCfg = Debug|Any CPU
		{0EEFE504-E0ED-F104-253C-23EE48D33E06}.Debug|Any CPU.Build.0 = Debug|Any CPU
		{0EEFE504-E0ED-F104-253C-23EE48D33E06}.Release|Any CPU.ActiveCfg = Release|Any CPU
		{0EEFE504-E0ED-F104-253C-23EE48D33E06}.Release|Any CPU.Build.0 = Release|Any CPU
		{ED8A1DDF-D171-74EB-5A43-12F933C04A75}.Debug|Any CPU.ActiveCfg = Debug|Any CPU
		{ED8A1DDF-D171-74EB-5A43-12F933C04A75}.Debug|Any CPU.Build.0 = Debug|Any CPU
		{ED8A1DDF-D171-74EB-5A43-12F933C04A75}.Release|Any CPU.ActiveCfg = Release|Any CPU
		{ED8A1DDF-D171-74EB-5A43-12F933C04A75}.Release|Any CPU.Build.0 = Release|Any CPU
		{B33A0EDE-C5FC-6AF2-E1AB-442A5D78038B}.Debug|Any CPU.ActiveCfg = Debug|Any CPU
		{B33A0EDE-C5FC-6AF2-E1AB-442A5D78038B}.Debug|Any CPU.Build.0 = Debug|Any CPU
		{B33A0EDE-C5FC-6AF2-E1AB-442A5D78038B}.Release|Any CPU.ActiveCfg = Release|Any CPU
		{B33A0EDE-C5FC-6AF2-E1AB-442A5D78038B}.Release|Any CPU.Build.0 = Release|Any CPU
	EndGlobalSection
	GlobalSection(SolutionProperties) = preSolution
		HideSolutionNode = FALSE
	EndGlobalSection
	GlobalSection(NestedProjects) = preSolution
		{011138CA-2F9A-4395-9A7F-53C9CD341112} = {BBDD3899-4164-44BB-8DDF-C4924D8EA91E}
		{718ABEE2-FF0D-464B-995E-4700C32BA517} = {BBDD3899-4164-44BB-8DDF-C4924D8EA91E}
		{043C3D75-7D71-4D70-B954-32EDC814F5A3} = {718ABEE2-FF0D-464B-995E-4700C32BA517}
		{C17301F0-397A-4B4E-BA45-6AE671288ACE} = {718ABEE2-FF0D-464B-995E-4700C32BA517}
		{2853D9B4-D05E-4177-B1E0-72CD34E1C621} = {011138CA-2F9A-4395-9A7F-53C9CD341112}
		{F8D70396-CEB2-48E1-91AD-F23626A6548A} = {CCAF9516-3A2E-41C7-97CD-3EAEED42C75D}
		{36D591C7-65C7-A0D1-1CBC-10CDE441BDC8} = {4EE5F804-06F6-440A-990A-5C7D0E49BE5F}
		{BFD4D04D-2C64-4FEA-92E0-1ADA672A94CB} = {BBDD3899-4164-44BB-8DDF-C4924D8EA91E}
		{4EE5F804-06F6-440A-990A-5C7D0E49BE5F} = {BBDD3899-4164-44BB-8DDF-C4924D8EA91E}
		{DE321EE7-B960-4E7E-892E-ED2F7F1B5608} = {4EE5F804-06F6-440A-990A-5C7D0E49BE5F}
		{74E0A3F3-4F5D-4680-96F2-15426BD122F5} = {4EE5F804-06F6-440A-990A-5C7D0E49BE5F}
		{C61AEDFB-C836-480B-816D-B6327ADFA283} = {74E0A3F3-4F5D-4680-96F2-15426BD122F5}
		{692B0524-804D-4057-AFAB-837F650B4F3F} = {74E0A3F3-4F5D-4680-96F2-15426BD122F5}
		{6BDB6C40-70CE-459F-AA11-4E647CA56251} = {74E0A3F3-4F5D-4680-96F2-15426BD122F5}
		{9E10F322-12D8-4C83-9AFE-2FCAB694EC0C} = {74E0A3F3-4F5D-4680-96F2-15426BD122F5}
		{8E5E6244-AC15-8F72-367D-5220D92CE62F} = {718ABEE2-FF0D-464B-995E-4700C32BA517}
		{7DA74313-C4FC-F88E-7CD5-C2BE75FAC85B} = {BFD4D04D-2C64-4FEA-92E0-1ADA672A94CB}
		{20300073-B4B8-615E-00D9-2E7149C7B892} = {4EE5F804-06F6-440A-990A-5C7D0E49BE5F}
		{C4BFAD60-CFC7-22CA-62CA-493F2DC79864} = {DE321EE7-B960-4E7E-892E-ED2F7F1B5608}
		{F2414782-BBEF-FEF7-F4C0-AF9E8976CAA2} = {DE321EE7-B960-4E7E-892E-ED2F7F1B5608}
		{335E1A4B-F29D-D1A3-A325-A2EEE8EA8692} = {DE321EE7-B960-4E7E-892E-ED2F7F1B5608}
		{B00484A0-87D9-2428-A004-11521B92CBCB} = {9E10F322-12D8-4C83-9AFE-2FCAB694EC0C}
		{31B744C3-5BEC-9523-E066-6A120366937F} = {9E10F322-12D8-4C83-9AFE-2FCAB694EC0C}
		{96851074-66A9-6D64-E874-52242D1053CE} = {C61AEDFB-C836-480B-816D-B6327ADFA283}
		{722006EB-7692-819B-6869-15AE4E8E7C54} = {C61AEDFB-C836-480B-816D-B6327ADFA283}
		{D88E0351-8A4E-C86A-3F6F-3E3F9F3D082D} = {C61AEDFB-C836-480B-816D-B6327ADFA283}
		{86EAB862-73E4-E86F-FDD8-D0E1FCA88038} = {692B0524-804D-4057-AFAB-837F650B4F3F}
		{E197CCEE-7D7B-1592-F971-F5F4D8418A8E} = {692B0524-804D-4057-AFAB-837F650B4F3F}
		{735E8EA1-E0C4-657C-2DB0-3C9D1E35856F} = {692B0524-804D-4057-AFAB-837F650B4F3F}
		{2EBDF364-09CF-63EB-3D0D-90C018D8D507} = {6BDB6C40-70CE-459F-AA11-4E647CA56251}
		{0EEFE504-E0ED-F104-253C-23EE48D33E06} = {6BDB6C40-70CE-459F-AA11-4E647CA56251}
		{ED8A1DDF-D171-74EB-5A43-12F933C04A75} = {6BDB6C40-70CE-459F-AA11-4E647CA56251}
		{B33A0EDE-C5FC-6AF2-E1AB-442A5D78038B} = {36D591C7-65C7-A0D1-1CBC-10CDE441BDC8}
	EndGlobalSection
	GlobalSection(ExtensibilityGlobals) = postSolution
		SolutionGuid = {435730CF-0041-4E78-A493-4E66169EA742}
	EndGlobalSection
EndGlobal
